// !$*UTF8*$!
{
	archiveVersion = 1;
	classes = {
	};
	objectVersion = 56;
	objects = {

/* Begin PBXBuildFile section */
		53C9A9DA29DEAD9D009DA516 /* HomePresenter.swift in Sources */ = {isa = PBXBuildFile; fileRef = 53C9A9D429DEAD9D009DA516 /* HomePresenter.swift */; };
		53C9A9DB29DEAD9D009DA516 /* HomeRouter.swift in Sources */ = {isa = PBXBuildFile; fileRef = 53C9A9D529DEAD9D009DA516 /* HomeRouter.swift */; };
		53C9A9DC29DEAD9D009DA516 /* HomeProtocols.swift in Sources */ = {isa = PBXBuildFile; fileRef = 53C9A9D629DEAD9D009DA516 /* HomeProtocols.swift */; };
		53C9A9DD29DEAD9D009DA516 /* HomeInteractor.swift in Sources */ = {isa = PBXBuildFile; fileRef = 53C9A9D729DEAD9D009DA516 /* HomeInteractor.swift */; };
		53C9A9DE29DEAD9D009DA516 /* HomeView.swift in Sources */ = {isa = PBXBuildFile; fileRef = 53C9A9D829DEAD9D009DA516 /* HomeView.swift */; };
		53C9A9DF29DEAD9D009DA516 /* HomeRemoteDataManager.swift in Sources */ = {isa = PBXBuildFile; fileRef = 53C9A9D929DEAD9D009DA516 /* HomeRemoteDataManager.swift */; };
		53C9A9E229DF1795009DA516 /* BaseViper.swift in Sources */ = {isa = PBXBuildFile; fileRef = 53C9A9E129DF1795009DA516 /* BaseViper.swift */; };
		53C9A9E529E06E99009DA516 /* MyCasesCell.swift in Sources */ = {isa = PBXBuildFile; fileRef = 53C9A9E429E06E99009DA516 /* MyCasesCell.swift */; };
		53C9A9E729E1F5C7009DA516 /* HomeEntities.swift in Sources */ = {isa = PBXBuildFile; fileRef = 53C9A9E629E1F5C7009DA516 /* HomeEntities.swift */; };
		53D4A80129C87B93004199B0 /* AppDelegate.swift in Sources */ = {isa = PBXBuildFile; fileRef = 53D4A80029C87B93004199B0 /* AppDelegate.swift */; };
		53D4A80329C87B93004199B0 /* SceneDelegate.swift in Sources */ = {isa = PBXBuildFile; fileRef = 53D4A80229C87B93004199B0 /* SceneDelegate.swift */; };
		53D4A80529C87B93004199B0 /* MainControllers.swift in Sources */ = {isa = PBXBuildFile; fileRef = 53D4A80429C87B93004199B0 /* MainControllers.swift */; };
		53D4A80A29C87B96004199B0 /* Assets.xcassets in Resources */ = {isa = PBXBuildFile; fileRef = 53D4A80929C87B96004199B0 /* Assets.xcassets */; };
		53D4A80D29C87B96004199B0 /* LaunchScreen.storyboard in Resources */ = {isa = PBXBuildFile; fileRef = 53D4A80B29C87B96004199B0 /* LaunchScreen.storyboard */; };
		53D4A81C29C87D0C004199B0 /* Localizable.strings in Resources */ = {isa = PBXBuildFile; fileRef = 53D4A81E29C87D0C004199B0 /* Localizable.strings */; };
		53D4A82229C87D66004199B0 /* ExtensionStrings.swift in Sources */ = {isa = PBXBuildFile; fileRef = 53D4A82129C87D66004199B0 /* ExtensionStrings.swift */; };
/* End PBXBuildFile section */

/* Begin PBXFileReference section */
		53C9A9D429DEAD9D009DA516 /* HomePresenter.swift */ = {isa = PBXFileReference; lastKnownFileType = sourcecode.swift; path = HomePresenter.swift; sourceTree = "<group>"; };
		53C9A9D529DEAD9D009DA516 /* HomeRouter.swift */ = {isa = PBXFileReference; lastKnownFileType = sourcecode.swift; path = HomeRouter.swift; sourceTree = "<group>"; };
		53C9A9D629DEAD9D009DA516 /* HomeProtocols.swift */ = {isa = PBXFileReference; lastKnownFileType = sourcecode.swift; path = HomeProtocols.swift; sourceTree = "<group>"; };
		53C9A9D729DEAD9D009DA516 /* HomeInteractor.swift */ = {isa = PBXFileReference; lastKnownFileType = sourcecode.swift; path = HomeInteractor.swift; sourceTree = "<group>"; };
		53C9A9D829DEAD9D009DA516 /* HomeView.swift */ = {isa = PBXFileReference; lastKnownFileType = sourcecode.swift; path = HomeView.swift; sourceTree = "<group>"; };
		53C9A9D929DEAD9D009DA516 /* HomeRemoteDataManager.swift */ = {isa = PBXFileReference; lastKnownFileType = sourcecode.swift; path = HomeRemoteDataManager.swift; sourceTree = "<group>"; };
		53C9A9E129DF1795009DA516 /* BaseViper.swift */ = {isa = PBXFileReference; lastKnownFileType = sourcecode.swift; path = BaseViper.swift; sourceTree = "<group>"; };
		53C9A9E429E06E99009DA516 /* MyCasesCell.swift */ = {isa = PBXFileReference; lastKnownFileType = sourcecode.swift; path = MyCasesCell.swift; sourceTree = "<group>"; };
		53C9A9E629E1F5C7009DA516 /* HomeEntities.swift */ = {isa = PBXFileReference; lastKnownFileType = sourcecode.swift; path = HomeEntities.swift; sourceTree = "<group>"; };
		53D4A7FD29C87B93004199B0 /* Case Tracker.app */ = {isa = PBXFileReference; explicitFileType = wrapper.application; includeInIndex = 0; path = "Case Tracker.app"; sourceTree = BUILT_PRODUCTS_DIR; };
		53D4A80029C87B93004199B0 /* AppDelegate.swift */ = {isa = PBXFileReference; lastKnownFileType = sourcecode.swift; path = AppDelegate.swift; sourceTree = "<group>"; };
		53D4A80229C87B93004199B0 /* SceneDelegate.swift */ = {isa = PBXFileReference; lastKnownFileType = sourcecode.swift; path = SceneDelegate.swift; sourceTree = "<group>"; };
		53D4A80429C87B93004199B0 /* MainControllers.swift */ = {isa = PBXFileReference; lastKnownFileType = sourcecode.swift; path = MainControllers.swift; sourceTree = "<group>"; };
		53D4A80929C87B96004199B0 /* Assets.xcassets */ = {isa = PBXFileReference; lastKnownFileType = folder.assetcatalog; path = Assets.xcassets; sourceTree = "<group>"; };
		53D4A80E29C87B96004199B0 /* Info.plist */ = {isa = PBXFileReference; lastKnownFileType = text.plist.xml; path = Info.plist; sourceTree = "<group>"; };
		53D4A81429C87BC0004199B0 /* Case Tracker.entitlements */ = {isa = PBXFileReference; lastKnownFileType = text.plist.entitlements; path = "Case Tracker.entitlements"; sourceTree = "<group>"; };
		53D4A81529C87C48004199B0 /* en */ = {isa = PBXFileReference; lastKnownFileType = file.storyboard; name = en; path = en.lproj/LaunchScreen.storyboard; sourceTree = "<group>"; };
		53D4A81629C87C65004199B0 /* pt-BR */ = {isa = PBXFileReference; lastKnownFileType = file.storyboard; name = "pt-BR"; path = "pt-BR.lproj/LaunchScreen.storyboard"; sourceTree = "<group>"; };
		53D4A81D29C87D0C004199B0 /* en */ = {isa = PBXFileReference; lastKnownFileType = text.plist.strings; name = en; path = en.lproj/Localizable.strings; sourceTree = "<group>"; };
		53D4A81F29C87D10004199B0 /* pt-BR */ = {isa = PBXFileReference; lastKnownFileType = text.plist.strings; name = "pt-BR"; path = "pt-BR.lproj/Localizable.strings"; sourceTree = "<group>"; };
		53D4A82129C87D66004199B0 /* ExtensionStrings.swift */ = {isa = PBXFileReference; lastKnownFileType = sourcecode.swift; path = ExtensionStrings.swift; sourceTree = "<group>"; };
/* End PBXFileReference section */

/* Begin PBXFrameworksBuildPhase section */
		53D4A7FA29C87B93004199B0 /* Frameworks */ = {
			isa = PBXFrameworksBuildPhase;
			buildActionMask = 2147483647;
			files = (
			);
			runOnlyForDeploymentPostprocessing = 0;
		};
/* End PBXFrameworksBuildPhase section */

/* Begin PBXGroup section */
		53C9A9E029DEADA4009DA516 /* Home */ = {
			isa = PBXGroup;
			children = (
				53C9A9E329E06E3A009DA516 /* TableViewCells */,
				53C9A9D429DEAD9D009DA516 /* HomePresenter.swift */,
				53C9A9D529DEAD9D009DA516 /* HomeRouter.swift */,
				53C9A9D629DEAD9D009DA516 /* HomeProtocols.swift */,
				53C9A9D729DEAD9D009DA516 /* HomeInteractor.swift */,
				53C9A9D829DEAD9D009DA516 /* HomeView.swift */,
				53C9A9D929DEAD9D009DA516 /* HomeRemoteDataManager.swift */,
				53C9A9E629E1F5C7009DA516 /* HomeEntities.swift */,
			);
			path = Home;
			sourceTree = "<group>";
		};
		53C9A9E329E06E3A009DA516 /* TableViewCells */ = {
			isa = PBXGroup;
			children = (
				53C9A9E429E06E99009DA516 /* MyCasesCell.swift */,
			);
			path = TableViewCells;
			sourceTree = "<group>";
		};
		53D4A7F429C87B93004199B0 = {
			isa = PBXGroup;
			children = (
				53D4A7FF29C87B93004199B0 /* Case Tracker */,
				53D4A7FE29C87B93004199B0 /* Products */,
			);
			sourceTree = "<group>";
		};
		53D4A7FE29C87B93004199B0 /* Products */ = {
			isa = PBXGroup;
			children = (
				53D4A7FD29C87B93004199B0 /* Case Tracker.app */,
			);
			name = Products;
			sourceTree = "<group>";
		};
		53D4A7FF29C87B93004199B0 /* Case Tracker */ = {
			isa = PBXGroup;
			children = (
				53D4A81429C87BC0004199B0 /* Case Tracker.entitlements */,
				53D4A81729C87C73004199B0 /* App Related */,
				53D4A81829C87CBC004199B0 /* Scenes */,
				53D4A81929C87CDC004199B0 /* Common */,
				53D4A82029C87D4B004199B0 /* Helpers */,
				53D4A80E29C87B96004199B0 /* Info.plist */,
			);
			path = "Case Tracker";
			sourceTree = "<group>";
		};
		53D4A81729C87C73004199B0 /* App Related */ = {
			isa = PBXGroup;
			children = (
				53D4A80029C87B93004199B0 /* AppDelegate.swift */,
				53D4A80229C87B93004199B0 /* SceneDelegate.swift */,
				53D4A80429C87B93004199B0 /* MainControllers.swift */,
				53C9A9E129DF1795009DA516 /* BaseViper.swift */,
				53D4A80929C87B96004199B0 /* Assets.xcassets */,
				53D4A80B29C87B96004199B0 /* LaunchScreen.storyboard */,
			);
			path = "App Related";
			sourceTree = "<group>";
		};
		53D4A81829C87CBC004199B0 /* Scenes */ = {
			isa = PBXGroup;
			children = (
				53C9A9E029DEADA4009DA516 /* Home */,
			);
			path = Scenes;
			sourceTree = "<group>";
		};
		53D4A81929C87CDC004199B0 /* Common */ = {
			isa = PBXGroup;
			children = (
				53D4A81E29C87D0C004199B0 /* Localizable.strings */,
			);
			path = Common;
			sourceTree = "<group>";
		};
		53D4A82029C87D4B004199B0 /* Helpers */ = {
			isa = PBXGroup;
			children = (
				53D4A82129C87D66004199B0 /* ExtensionStrings.swift */,
			);
			path = Helpers;
			sourceTree = "<group>";
		};
/* End PBXGroup section */

/* Begin PBXNativeTarget section */
		53D4A7FC29C87B93004199B0 /* Case Tracker */ = {
			isa = PBXNativeTarget;
			buildConfigurationList = 53D4A81129C87B96004199B0 /* Build configuration list for PBXNativeTarget "Case Tracker" */;
			buildPhases = (
				53D4A7F929C87B93004199B0 /* Sources */,
				53D4A7FA29C87B93004199B0 /* Frameworks */,
				53D4A7FB29C87B93004199B0 /* Resources */,
			);
			buildRules = (
			);
			dependencies = (
			);
			name = "Case Tracker";
			productName = "Case Tracker";
			productReference = 53D4A7FD29C87B93004199B0 /* Case Tracker.app */;
			productType = "com.apple.product-type.application";
		};
/* End PBXNativeTarget section */

/* Begin PBXProject section */
		53D4A7F529C87B93004199B0 /* Project object */ = {
			isa = PBXProject;
			attributes = {
				BuildIndependentTargetsInParallel = 1;
				LastSwiftUpdateCheck = 1420;
				LastUpgradeCheck = 1420;
				TargetAttributes = {
					53D4A7FC29C87B93004199B0 = {
						CreatedOnToolsVersion = 14.2;
					};
				};
			};
			buildConfigurationList = 53D4A7F829C87B93004199B0 /* Build configuration list for PBXProject "Case Tracker" */;
			compatibilityVersion = "Xcode 14.0";
			developmentRegion = en;
			hasScannedForEncodings = 0;
			knownRegions = (
				en,
				"pt-BR",
			);
			mainGroup = 53D4A7F429C87B93004199B0;
			productRefGroup = 53D4A7FE29C87B93004199B0 /* Products */;
			projectDirPath = "";
			projectRoot = "";
			targets = (
				53D4A7FC29C87B93004199B0 /* Case Tracker */,
			);
		};
/* End PBXProject section */

/* Begin PBXResourcesBuildPhase section */
		53D4A7FB29C87B93004199B0 /* Resources */ = {
			isa = PBXResourcesBuildPhase;
			buildActionMask = 2147483647;
			files = (
				53D4A80D29C87B96004199B0 /* LaunchScreen.storyboard in Resources */,
				53D4A81C29C87D0C004199B0 /* Localizable.strings in Resources */,
				53D4A80A29C87B96004199B0 /* Assets.xcassets in Resources */,
			);
			runOnlyForDeploymentPostprocessing = 0;
		};
/* End PBXResourcesBuildPhase section */

/* Begin PBXSourcesBuildPhase section */
		53D4A7F929C87B93004199B0 /* Sources */ = {
			isa = PBXSourcesBuildPhase;
			buildActionMask = 2147483647;
			files = (
				53C9A9DE29DEAD9D009DA516 /* HomeView.swift in Sources */,
				53D4A82229C87D66004199B0 /* ExtensionStrings.swift in Sources */,
				53C9A9DB29DEAD9D009DA516 /* HomeRouter.swift in Sources */,
				53D4A80529C87B93004199B0 /* MainControllers.swift in Sources */,
				53C9A9DD29DEAD9D009DA516 /* HomeInteractor.swift in Sources */,
				53C9A9E529E06E99009DA516 /* MyCasesCell.swift in Sources */,
				53D4A80129C87B93004199B0 /* AppDelegate.swift in Sources */,
				53C9A9DF29DEAD9D009DA516 /* HomeRemoteDataManager.swift in Sources */,
				53C9A9DC29DEAD9D009DA516 /* HomeProtocols.swift in Sources */,
				53C9A9DA29DEAD9D009DA516 /* HomePresenter.swift in Sources */,
				53C9A9E729E1F5C7009DA516 /* HomeEntities.swift in Sources */,
				53D4A80329C87B93004199B0 /* SceneDelegate.swift in Sources */,
				53C9A9E229DF1795009DA516 /* BaseViper.swift in Sources */,
			);
			runOnlyForDeploymentPostprocessing = 0;
		};
/* End PBXSourcesBuildPhase section */

/* Begin PBXVariantGroup section */
		53D4A80B29C87B96004199B0 /* LaunchScreen.storyboard */ = {
			isa = PBXVariantGroup;
			children = (
				53D4A81529C87C48004199B0 /* en */,
				53D4A81629C87C65004199B0 /* pt-BR */,
			);
			name = LaunchScreen.storyboard;
			sourceTree = "<group>";
		};
		53D4A81E29C87D0C004199B0 /* Localizable.strings */ = {
			isa = PBXVariantGroup;
			children = (
				53D4A81D29C87D0C004199B0 /* en */,
				53D4A81F29C87D10004199B0 /* pt-BR */,
			);
			name = Localizable.strings;
			sourceTree = "<group>";
		};
/* End PBXVariantGroup section */

/* Begin XCBuildConfiguration section */
		53D4A80F29C87B96004199B0 /* Debug */ = {
			isa = XCBuildConfiguration;
			buildSettings = {
				ALWAYS_SEARCH_USER_PATHS = NO;
				CLANG_ANALYZER_LOCALIZABILITY_NONLOCALIZED = YES;
				CLANG_ANALYZER_NONNULL = YES;
				CLANG_ANALYZER_NUMBER_OBJECT_CONVERSION = YES_AGGRESSIVE;
				CLANG_CXX_LANGUAGE_STANDARD = "gnu++20";
				CLANG_ENABLE_MODULES = YES;
				CLANG_ENABLE_OBJC_ARC = YES;
				CLANG_ENABLE_OBJC_WEAK = YES;
				CLANG_WARN_BLOCK_CAPTURE_AUTORELEASING = YES;
				CLANG_WARN_BOOL_CONVERSION = YES;
				CLANG_WARN_COMMA = YES;
				CLANG_WARN_CONSTANT_CONVERSION = YES;
				CLANG_WARN_DEPRECATED_OBJC_IMPLEMENTATIONS = YES;
				CLANG_WARN_DIRECT_OBJC_ISA_USAGE = YES_ERROR;
				CLANG_WARN_DOCUMENTATION_COMMENTS = YES;
				CLANG_WARN_EMPTY_BODY = YES;
				CLANG_WARN_ENUM_CONVERSION = YES;
				CLANG_WARN_INFINITE_RECURSION = YES;
				CLANG_WARN_INT_CONVERSION = YES;
				CLANG_WARN_NON_LITERAL_NULL_CONVERSION = YES;
				CLANG_WARN_OBJC_IMPLICIT_RETAIN_SELF = YES;
				CLANG_WARN_OBJC_LITERAL_CONVERSION = YES;
				CLANG_WARN_OBJC_ROOT_CLASS = YES_ERROR;
				CLANG_WARN_QUOTED_INCLUDE_IN_FRAMEWORK_HEADER = YES;
				CLANG_WARN_RANGE_LOOP_ANALYSIS = YES;
				CLANG_WARN_STRICT_PROTOTYPES = YES;
				CLANG_WARN_SUSPICIOUS_MOVE = YES;
				CLANG_WARN_UNGUARDED_AVAILABILITY = YES_AGGRESSIVE;
				CLANG_WARN_UNREACHABLE_CODE = YES;
				CLANG_WARN__DUPLICATE_METHOD_MATCH = YES;
				COPY_PHASE_STRIP = NO;
				DEBUG_INFORMATION_FORMAT = dwarf;
				ENABLE_STRICT_OBJC_MSGSEND = YES;
				ENABLE_TESTABILITY = YES;
				GCC_C_LANGUAGE_STANDARD = gnu11;
				GCC_DYNAMIC_NO_PIC = NO;
				GCC_NO_COMMON_BLOCKS = YES;
				GCC_OPTIMIZATION_LEVEL = 0;
				GCC_PREPROCESSOR_DEFINITIONS = (
					"DEBUG=1",
					"$(inherited)",
				);
				GCC_WARN_64_TO_32_BIT_CONVERSION = YES;
				GCC_WARN_ABOUT_RETURN_TYPE = YES_ERROR;
				GCC_WARN_UNDECLARED_SELECTOR = YES;
				GCC_WARN_UNINITIALIZED_AUTOS = YES_AGGRESSIVE;
				GCC_WARN_UNUSED_FUNCTION = YES;
				GCC_WARN_UNUSED_VARIABLE = YES;
				IPHONEOS_DEPLOYMENT_TARGET = 16.2;
				MTL_ENABLE_DEBUG_INFO = INCLUDE_SOURCE;
				MTL_FAST_MATH = YES;
				ONLY_ACTIVE_ARCH = YES;
				SDKROOT = iphoneos;
				SWIFT_ACTIVE_COMPILATION_CONDITIONS = DEBUG;
				SWIFT_OPTIMIZATION_LEVEL = "-Onone";
			};
			name = Debug;
		};
		53D4A81029C87B96004199B0 /* Release */ = {
			isa = XCBuildConfiguration;
			buildSettings = {
				ALWAYS_SEARCH_USER_PATHS = NO;
				CLANG_ANALYZER_LOCALIZABILITY_NONLOCALIZED = YES;
				CLANG_ANALYZER_NONNULL = YES;
				CLANG_ANALYZER_NUMBER_OBJECT_CONVERSION = YES_AGGRESSIVE;
				CLANG_CXX_LANGUAGE_STANDARD = "gnu++20";
				CLANG_ENABLE_MODULES = YES;
				CLANG_ENABLE_OBJC_ARC = YES;
				CLANG_ENABLE_OBJC_WEAK = YES;
				CLANG_WARN_BLOCK_CAPTURE_AUTORELEASING = YES;
				CLANG_WARN_BOOL_CONVERSION = YES;
				CLANG_WARN_COMMA = YES;
				CLANG_WARN_CONSTANT_CONVERSION = YES;
				CLANG_WARN_DEPRECATED_OBJC_IMPLEMENTATIONS = YES;
				CLANG_WARN_DIRECT_OBJC_ISA_USAGE = YES_ERROR;
				CLANG_WARN_DOCUMENTATION_COMMENTS = YES;
				CLANG_WARN_EMPTY_BODY = YES;
				CLANG_WARN_ENUM_CONVERSION = YES;
				CLANG_WARN_INFINITE_RECURSION = YES;
				CLANG_WARN_INT_CONVERSION = YES;
				CLANG_WARN_NON_LITERAL_NULL_CONVERSION = YES;
				CLANG_WARN_OBJC_IMPLICIT_RETAIN_SELF = YES;
				CLANG_WARN_OBJC_LITERAL_CONVERSION = YES;
				CLANG_WARN_OBJC_ROOT_CLASS = YES_ERROR;
				CLANG_WARN_QUOTED_INCLUDE_IN_FRAMEWORK_HEADER = YES;
				CLANG_WARN_RANGE_LOOP_ANALYSIS = YES;
				CLANG_WARN_STRICT_PROTOTYPES = YES;
				CLANG_WARN_SUSPICIOUS_MOVE = YES;
				CLANG_WARN_UNGUARDED_AVAILABILITY = YES_AGGRESSIVE;
				CLANG_WARN_UNREACHABLE_CODE = YES;
				CLANG_WARN__DUPLICATE_METHOD_MATCH = YES;
				COPY_PHASE_STRIP = NO;
				DEBUG_INFORMATION_FORMAT = "dwarf-with-dsym";
				ENABLE_NS_ASSERTIONS = NO;
				ENABLE_STRICT_OBJC_MSGSEND = YES;
				GCC_C_LANGUAGE_STANDARD = gnu11;
				GCC_NO_COMMON_BLOCKS = YES;
				GCC_WARN_64_TO_32_BIT_CONVERSION = YES;
				GCC_WARN_ABOUT_RETURN_TYPE = YES_ERROR;
				GCC_WARN_UNDECLARED_SELECTOR = YES;
				GCC_WARN_UNINITIALIZED_AUTOS = YES_AGGRESSIVE;
				GCC_WARN_UNUSED_FUNCTION = YES;
				GCC_WARN_UNUSED_VARIABLE = YES;
				IPHONEOS_DEPLOYMENT_TARGET = 16.2;
				MTL_ENABLE_DEBUG_INFO = NO;
				MTL_FAST_MATH = YES;
				SDKROOT = iphoneos;
				SWIFT_COMPILATION_MODE = wholemodule;
				SWIFT_OPTIMIZATION_LEVEL = "-O";
				VALIDATE_PRODUCT = YES;
			};
			name = Release;
		};
		53D4A81229C87B96004199B0 /* Debug */ = {
			isa = XCBuildConfiguration;
			buildSettings = {
				ASSETCATALOG_COMPILER_APPICON_NAME = AppIcon;
				ASSETCATALOG_COMPILER_GLOBAL_ACCENT_COLOR_NAME = AccentColor;
				CODE_SIGN_ENTITLEMENTS = "Case Tracker/Case Tracker.entitlements";
				CODE_SIGN_STYLE = Automatic;
				CURRENT_PROJECT_VERSION = 1;
				DEVELOPMENT_TEAM = 8395HM2DQS;
				GENERATE_INFOPLIST_FILE = YES;
				INFOPLIST_FILE = "Case Tracker/Info.plist";
				INFOPLIST_KEY_UIApplicationSupportsIndirectInputEvents = YES;
				INFOPLIST_KEY_UILaunchStoryboardName = LaunchScreen;
				INFOPLIST_KEY_UISupportedInterfaceOrientations = UIInterfaceOrientationPortrait;
				INFOPLIST_KEY_UISupportedInterfaceOrientations_iPad = "UIInterfaceOrientationLandscapeLeft UIInterfaceOrientationLandscapeRight UIInterfaceOrientationPortrait UIInterfaceOrientationPortraitUpsideDown";
				LD_RUNPATH_SEARCH_PATHS = (
					"$(inherited)",
					"@executable_path/Frameworks",
				);
				MARKETING_VERSION = 1.0;
				PRODUCT_BUNDLE_IDENTIFIER = "com.GabrielCastilloSerafim.Case-Tracker";
				PRODUCT_NAME = "$(TARGET_NAME)";
				SUPPORTED_PLATFORMS = "iphoneos iphonesimulator";
				SUPPORTS_MACCATALYST = NO;
				SUPPORTS_MAC_DESIGNED_FOR_IPHONE_IPAD = NO;
				SWIFT_EMIT_LOC_STRINGS = YES;
				SWIFT_VERSION = 5.0;
				TARGETED_DEVICE_FAMILY = 1;
			};
			name = Debug;
		};
		53D4A81329C87B96004199B0 /* Release */ = {
			isa = XCBuildConfiguration;
			buildSettings = {
				ASSETCATALOG_COMPILER_APPICON_NAME = AppIcon;
				ASSETCATALOG_COMPILER_GLOBAL_ACCENT_COLOR_NAME = AccentColor;
				CODE_SIGN_ENTITLEMENTS = "Case Tracker/Case Tracker.entitlements";
				CODE_SIGN_STYLE = Automatic;
				CURRENT_PROJECT_VERSION = 1;
				DEVELOPMENT_TEAM = 8395HM2DQS;
				GENERATE_INFOPLIST_FILE = YES;
				INFOPLIST_FILE = "Case Tracker/Info.plist";
				INFOPLIST_KEY_UIApplicationSupportsIndirectInputEvents = YES;
				INFOPLIST_KEY_UILaunchStoryboardName = LaunchScreen;
				INFOPLIST_KEY_UISupportedInterfaceOrientations = UIInterfaceOrientationPortrait;
				INFOPLIST_KEY_UISupportedInterfaceOrientations_iPad = "UIInterfaceOrientationLandscapeLeft UIInterfaceOrientationLandscapeRight UIInterfaceOrientationPortrait UIInterfaceOrientationPortraitUpsideDown";
				LD_RUNPATH_SEARCH_PATHS = (
					"$(inherited)",
					"@executable_path/Frameworks",
				);
				MARKETING_VERSION = 1.0;
				PRODUCT_BUNDLE_IDENTIFIER = "com.GabrielCastilloSerafim.Case-Tracker";
				PRODUCT_NAME = "$(TARGET_NAME)";
				SUPPORTED_PLATFORMS = "iphoneos iphonesimulator";
				SUPPORTS_MACCATALYST = NO;
				SUPPORTS_MAC_DESIGNED_FOR_IPHONE_IPAD = NO;
				SWIFT_EMIT_LOC_STRINGS = YES;
				SWIFT_VERSION = 5.0;
				TARGETED_DEVICE_FAMILY = 1;
			};
			name = Release;
		};
/* End XCBuildConfiguration section */

/* Begin XCConfigurationList section */
		53D4A7F829C87B93004199B0 /* Build configuration list for PBXProject "Case Tracker" */ = {
			isa = XCConfigurationList;
			buildConfigurations = (
				53D4A80F29C87B96004199B0 /* Debug */,
				53D4A81029C87B96004199B0 /* Release */,
			);
			defaultConfigurationIsVisible = 0;
			defaultConfigurationName = Release;
		};
		53D4A81129C87B96004199B0 /* Build configuration list for PBXNativeTarget "Case Tracker" */ = {
			isa = XCConfigurationList;
			buildConfigurations = (
				53D4A81229C87B96004199B0 /* Debug */,
				53D4A81329C87B96004199B0 /* Release */,
			);
			defaultConfigurationIsVisible = 0;
			defaultConfigurationName = Release;
		};
/* End XCConfigurationList section */
	};
	rootObject = 53D4A7F529C87B93004199B0 /* Project object */;
}
